
Microsoft Visual Studio Solution File, Format Version 12.00
# Visual Studio Version 17
VisualStudioVersion = 17.2.32630.192
MinimumVisualStudioVersion = 10.0.40219.1
Project("{FAE04EC0-301F-11D3-BF4B-00C04F79EFBC}") = "BikeStoresapp", "BikeStoresapp\BikeStoresapp.csproj", "{5F120E30-7601-4772-8528-3B000CDE1B2D}"
EndProject
Global
	GlobalSection(SolutionConfigurationPlatforms) = preSolution
		Debug|Any CPU = Debug|Any CPU
		Release|Any CPU = Release|Any CPU
	EndGlobalSection
	GlobalSection(ProjectConfigurationPlatforms) = postSolution
		{5F120E30-7601-4772-8528-3B000CDE1B2D}.Debug|Any CPU.ActiveCfg = Debug|Any CPU
		{5F120E30-7601-4772-8528-3B000CDE1B2D}.Debug|Any CPU.Build.0 = Debug|Any CPU
		{5F120E30-7601-4772-8528-3B000CDE1B2D}.Release|Any CPU.ActiveCfg = Release|Any CPU
		{5F120E30-7601-4772-8528-3B000CDE1B2D}.Release|Any CPU.Build.0 = Release|Any CPU
	EndGlobalSection
	GlobalSection(SolutionProperties) = preSolution
		HideSolutionNode = FALSE
	EndGlobalSection
	GlobalSection(ExtensibilityGlobals) = postSolution
		SolutionGuid = {9FE3D583-B13D-474B-A0EB-410BB7748A5F}
	EndGlobalSection
EndGlobal
