
Microsoft Visual Studio Solution File, Format Version 12.00
# Visual Studio Version 16
VisualStudioVersion = 16.0.32630.194
MinimumVisualStudioVersion = 10.0.40219.1
Project("{FAE04EC0-301F-11D3-BF4B-00C04F79EFBC}") = "BlazorCalculator", "BlazorCalculator\BlazorCalculator.csproj", "{67846921-2254-4E85-AB3F-7556702D7293}"
EndProject
Global
	GlobalSection(SolutionConfigurationPlatforms) = preSolution
		Debug|Any CPU = Debug|Any CPU
		Release|Any CPU = Release|Any CPU
	EndGlobalSection
	GlobalSection(ProjectConfigurationPlatforms) = postSolution
		{67846921-2254-4E85-AB3F-7556702D7293}.Debug|Any CPU.ActiveCfg = Debug|Any CPU
		{67846921-2254-4E85-AB3F-7556702D7293}.Debug|Any CPU.Build.0 = Debug|Any CPU
		{67846921-2254-4E85-AB3F-7556702D7293}.Release|Any CPU.ActiveCfg = Release|Any CPU
		{67846921-2254-4E85-AB3F-7556702D7293}.Release|Any CPU.Build.0 = Release|Any CPU
	EndGlobalSection
	GlobalSection(SolutionProperties) = preSolution
		HideSolutionNode = FALSE
	EndGlobalSection
	GlobalSection(ExtensibilityGlobals) = postSolution
		SolutionGuid = {FA116654-5FEA-472F-9AC9-A1FBFD876C48}
	EndGlobalSection
EndGlobal
