
Microsoft Visual Studio Solution File, Format Version 12.00
# Visual Studio Version 16
VisualStudioVersion = 16.0.32630.194
MinimumVisualStudioVersion = 10.0.40219.1
Project("{8BC9CEB8-8B4A-11D0-8D11-00A0C91BC942}") = "getip", "getip\getip.vcxproj", "{61147F69-F1D1-4294-A8BF-951BE883AC2D}"
EndProject
Global
	GlobalSection(SolutionConfigurationPlatforms) = preSolution
		Debug|x64 = Debug|x64
		Debug|x86 = Debug|x86
		Release|x64 = Release|x64
		Release|x86 = Release|x86
	EndGlobalSection
	GlobalSection(ProjectConfigurationPlatforms) = postSolution
		{61147F69-F1D1-4294-A8BF-951BE883AC2D}.Debug|x64.ActiveCfg = Debug|x64
		{61147F69-F1D1-4294-A8BF-951BE883AC2D}.Debug|x64.Build.0 = Debug|x64
		{61147F69-F1D1-4294-A8BF-951BE883AC2D}.Debug|x86.ActiveCfg = Debug|Win32
		{61147F69-F1D1-4294-A8BF-951BE883AC2D}.Debug|x86.Build.0 = Debug|Win32
		{61147F69-F1D1-4294-A8BF-951BE883AC2D}.Release|x64.ActiveCfg = Release|x64
		{61147F69-F1D1-4294-A8BF-951BE883AC2D}.Release|x64.Build.0 = Release|x64
		{61147F69-F1D1-4294-A8BF-951BE883AC2D}.Release|x86.ActiveCfg = Release|Win32
		{61147F69-F1D1-4294-A8BF-951BE883AC2D}.Release|x86.Build.0 = Release|Win32
	EndGlobalSection
	GlobalSection(SolutionProperties) = preSolution
		HideSolutionNode = FALSE
	EndGlobalSection
	GlobalSection(ExtensibilityGlobals) = postSolution
		SolutionGuid = {B7864C5B-2209-43EB-864C-497EAE98B89D}
	EndGlobalSection
EndGlobal
